
Microsoft Visual Studio Solution File, Format Version 12.00
# Visual Studio 15
VisualStudioVersion = 15.0.27004.2002
MinimumVisualStudioVersion = 10.0.40219.1
Project("{FAE04EC0-301F-11D3-BF4B-00C04F79EFBC}") = "Monkeyspeak", "Monkeyspeak.csproj", "{925781E6-8B75-471B-887F-616495BBBFDD}"
EndProject
Global
	GlobalSection(SolutionConfigurationPlatforms) = preSolution
		Debug|Any CPU = Debug|Any CPU
		Debug|x64 = Debug|x64
		Release|Any CPU = Release|Any CPU
		Release|x64 = Release|x64
		Special|Any CPU = Special|Any CPU
		Special|x64 = Special|x64
	EndGlobalSection
	GlobalSection(ProjectConfigurationPlatforms) = postSolution
		{925781E6-8B75-471B-887F-616495BBBFDD}.Debug|Any CPU.ActiveCfg = Debug|Any CPU
		{925781E6-8B75-471B-887F-616495BBBFDD}.Debug|Any CPU.Build.0 = Debug|Any CPU
		{925781E6-8B75-471B-887F-616495BBBFDD}.Debug|x64.ActiveCfg = Debug|x64
		{925781E6-8B75-471B-887F-616495BBBFDD}.Debug|x64.Build.0 = Debug|x64
		{925781E6-8B75-471B-887F-616495BBBFDD}.Release|Any CPU.ActiveCfg = Release|Any CPU
		{925781E6-8B75-471B-887F-616495BBBFDD}.Release|Any CPU.Build.0 = Release|Any CPU
		{925781E6-8B75-471B-887F-616495BBBFDD}.Release|x64.ActiveCfg = Release|x64
		{925781E6-8B75-471B-887F-616495BBBFDD}.Release|x64.Build.0 = Release|x64
		{925781E6-8B75-471B-887F-616495BBBFDD}.Special|Any CPU.ActiveCfg = Special|Any CPU
		{925781E6-8B75-471B-887F-616495BBBFDD}.Special|Any CPU.Build.0 = Special|Any CPU
		{925781E6-8B75-471B-887F-616495BBBFDD}.Special|x64.ActiveCfg = Special|x64
		{925781E6-8B75-471B-887F-616495BBBFDD}.Special|x64.Build.0 = Special|x64
	EndGlobalSection
	GlobalSection(SolutionProperties) = preSolution
		HideSolutionNode = FALSE
	EndGlobalSection
	GlobalSection(ExtensibilityGlobals) = postSolution
		SolutionGuid = {5F6621F6-1948-47A3-BED0-BB056725DF38}
	EndGlobalSection
EndGlobal
